
Microsoft Visual Studio Solution File, Format Version 12.00
# Visual Studio Version 17
VisualStudioVersion = 17.9.34728.123
MinimumVisualStudioVersion = 10.0.40219.1
Project("{FAE04EC0-301F-11D3-BF4B-00C04F79EFBC}") = "CasinoApplication", "CasinoApplication\CasinoApplication.csproj", "{6034288B-59C0-47AE-A246-7D1E51B865AB}"
EndProject
Global
	GlobalSection(SolutionConfigurationPlatforms) = preSolution
		Debug|Any CPU = Debug|Any CPU
		Release|Any CPU = Release|Any CPU
	EndGlobalSection
	GlobalSection(ProjectConfigurationPlatforms) = postSolution
		{6034288B-59C0-47AE-A246-7D1E51B865AB}.Debug|Any CPU.ActiveCfg = Debug|Any CPU
		{6034288B-59C0-47AE-A246-7D1E51B865AB}.Debug|Any CPU.Build.0 = Debug|Any CPU
		{6034288B-59C0-47AE-A246-7D1E51B865AB}.Release|Any CPU.ActiveCfg = Release|Any CPU
		{6034288B-59C0-47AE-A246-7D1E51B865AB}.Release|Any CPU.Build.0 = Release|Any CPU
	EndGlobalSection
	GlobalSection(SolutionProperties) = preSolution
		HideSolutionNode = FALSE
	EndGlobalSection
	GlobalSection(ExtensibilityGlobals) = postSolution
		SolutionGuid = {63069BB6-AC07-4AB8-BB0E-75D93E4C191E}
	EndGlobalSection
EndGlobal
